{
  "name": "app",
  "lockfileVersion": 3,
  "requires": true,
  "packages": {
    "": {
      "dependencies": {
        "node-html-parser": "^6.1.13"
      },
      "devDependencies": {
        "@swc/core": "^1.12.0",
        "@swc/helpers": "^0.5.17"
      }
    },
    "node_modules/@swc/core": {
      "version": "1.12.0",
      "resolved": "https://registry.npmjs.org/@swc/core/-/core-1.12.0.tgz",
      "integrity": "sha512-/C0kiMHPY/HnLfqXYGMGxGck3A5Y3mqwxfv+EwHTPHGjAVRfHpWAEEBTSTF5C88vVY6CvwBEkhR2TX7t8Mahcw==",
      "dev": true,
      "hasInstallScript": true,
      "dependencies": {
        "@swc/counter": "^0.1.3",
        "@swc/types": "^0.1.22"
      },
      "engines": {
        "node": ">=10"
      },
      "funding": {
        "type": "opencollective",
        "url": "https://opencollective.com/swc"
      },
      "optionalDependencies": {
        "@swc/core-darwin-arm64": "1.12.0",
        "@swc/core-darwin-x64": "1.12.0",
        "@swc/core-linux-arm-gnueabihf": "1.12.0",
        "@swc/core-linux-arm64-gnu": "1.12.0",
        "@swc/core-linux-arm64-musl": "1.12.0",
        "@swc/core-linux-x64-gnu": "1.12.0",
        "@swc/core-linux-x64-musl": "1.12.0",
        "@swc/core-win32-arm64-msvc": "1.12.0",
        "@swc/core-win32-ia32-msvc": "1.12.0",
        "@swc/core-win32-x64-msvc": "1.12.0"
      },
      "peerDependencies": {
        "@swc/helpers": ">=0.5.17"
      },
      "peerDependenciesMeta": {
        "@swc/helpers": {
          "optional": true
        }
      }
    },
    "node_modules/@swc/core-darwin-arm64": {
      "version": "1.12.0",
      "resolved": "https://registry.npmjs.org/@swc/core-darwin-arm64/-/core-darwin-arm64-1.12.0.tgz",
      "integrity": "sha512-usLr8kC80GDv3pwH2zoEaS279kxtWY0MY3blbMFw7zA8fAjqxa8IDxm3WcgyNLNWckWn4asFfguEwz/Weem3nA==",
      "cpu": [
        "arm64"
      ],
      "dev": true,
      "optional": true,
      "os": [
        "darwin"
      ],
      "engines": {
        "node": ">=10"
      }
    },
    "node_modules/@swc/core-darwin-x64": {
      "version": "1.12.0",
      "resolved": "https://registry.npmjs.org/@swc/core-darwin-x64/-/core-darwin-x64-1.12.0.tgz",
      "integrity": "sha512-Cvv4sqDcTY7QF2Dh1vn2Xbt/1ENYQcpmrGHzITJrXzxA2aBopsz/n4yQDiyRxTR0t802m4xu0CzMoZIHvVruWQ==",
      "cpu": [
        "x64"
      ],
      "dev": true,
      "optional": true,
      "os": [
        "darwin"
      ],
      "engines": {
        "node": ">=10"
      }
    },
    "node_modules/@swc/core-linux-arm-gnueabihf": {
      "version": "1.12.0",
      "resolved": "https://registry.npmjs.org/@swc/core-linux-arm-gnueabihf/-/core-linux-arm-gnueabihf-1.12.0.tgz",
      "integrity": "sha512-seM4/XMJMOupkzfLfHl8sRa3NdhsVZp+XgwA/vVeYZYJE4wuWUxVzhCYzwmNftVY32eF2IiRaWnhG6ho6jusnQ==",
      "cpu": [
        "arm"
      ],
      "dev": true,
      "optional": true,
      "os": [
        "linux"
      ],
      "engines": {
        "node": ">=10"
      }
    },
    "node_modules/@swc/core-linux-arm64-gnu": {
      "version": "1.12.0",
      "resolved": "https://registry.npmjs.org/@swc/core-linux-arm64-gnu/-/core-linux-arm64-gnu-1.12.0.tgz",
      "integrity": "sha512-Al0x33gUVxNY5tutEYpSyv7mze6qQS1ONa0HEwoRxcK9WXsX0NHLTiOSGZoCUS1SsXM37ONlbA6/Bsp1MQyP+g==",
      "cpu": [
        "arm64"
      ],
      "dev": true,
      "optional": true,
      "os": [
        "linux"
      ],
      "engines": {
        "node": ">=10"
      }
    },
    "node_modules/@swc/core-linux-arm64-musl": {
      "version": "1.12.0",
      "resolved": "https://registry.npmjs.org/@swc/core-linux-arm64-musl/-/core-linux-arm64-musl-1.12.0.tgz",
      "integrity": "sha512-OeFHz/5Hl9v75J9TYA5jQxNIYAZMqaiPpd9dYSTK2Xyqa/ZGgTtNyPhIwVfxx+9mHBf6+9c1mTlXUtACMtHmaQ==",
      "cpu": [
        "arm64"
      ],
      "dev": true,
      "optional": true,
      "os": [
        "linux"
      ],
      "engines": {
        "node": ">=10"
      }
    },
    "node_modules/@swc/core-linux-x64-gnu": {
      "version": "1.12.0",
      "resolved": "https://registry.npmjs.org/@swc/core-linux-x64-gnu/-/core-linux-x64-gnu-1.12.0.tgz",
      "integrity": "sha512-ltIvqNi7H0c5pRawyqjeYSKEIfZP4vv/datT3mwT6BW7muJtd1+KIDCPFLMIQ4wm/h76YQwPocsin3fzmnFdNA==",
      "cpu": [
        "x64"
      ],
      "dev": true,
      "optional": true,
      "os": [
        "linux"
      ],
      "engines": {
        "node": ">=10"
      }
    },
    "node_modules/@swc/core-linux-x64-musl": {
      "version": "1.12.0",
      "resolved": "https://registry.npmjs.org/@swc/core-linux-x64-musl/-/core-linux-x64-musl-1.12.0.tgz",
      "integrity": "sha512-Z/DhpjehaTK0uf+MhNB7mV9SuewpGs3P/q9/8+UsJeYoFr7yuOoPbAvrD6AqZkf6Bh7MRZ5OtG+KQgG5L+goiA==",
      "cpu": [
        "x64"
      ],
      "dev": true,
      "optional": true,
      "os": [
        "linux"
      ],
      "engines": {
        "node": ">=10"
      }
    },
    "node_modules/@swc/core-win32-arm64-msvc": {
      "version": "1.12.0",
      "resolved": "https://registry.npmjs.org/@swc/core-win32-arm64-msvc/-/core-win32-arm64-msvc-1.12.0.tgz",
      "integrity": "sha512-wHnvbfHIh2gfSbvuFT7qP97YCMUDh+fuiso+pcC6ug8IsMxuViNapHET4o0ZdFNWHhXJ7/s0e6w7mkOalsqQiQ==",
      "cpu": [
        "arm64"
      ],
      "dev": true,
      "optional": true,
      "os": [
        "win32"
      ],
      "engines": {
        "node": ">=10"
      }
    },
    "node_modules/@swc/core-win32-ia32-msvc": {
      "version": "1.12.0",
      "resolved": "https://registry.npmjs.org/@swc/core-win32-ia32-msvc/-/core-win32-ia32-msvc-1.12.0.tgz",
      "integrity": "sha512-88umlXwK+7J2p4DjfWHXQpmlZgCf1ayt6Ssj+PYlAfMCR0aBiJoAMwHWrvDXEozyOrsyP1j2X6WxbmA861vL5Q==",
      "cpu": [
        "ia32"
      ],
      "dev": true,
      "optional": true,
      "os": [
        "win32"
      ],
      "engines": {
        "node": ">=10"
      }
    },
    "node_modules/@swc/core-win32-x64-msvc": {
      "version": "1.12.0",
      "resolved": "https://registry.npmjs.org/@swc/core-win32-x64-msvc/-/core-win32-x64-msvc-1.12.0.tgz",
      "integrity": "sha512-KR9TSRp+FEVOhbgTU6c94p/AYpsyBk7dIvlKQiDp8oKScUoyHG5yjmMBFN/BqUyTq4kj6zlgsY2rFE4R8/yqWg==",
      "cpu": [
        "x64"
      ],
      "dev": true,
      "optional": true,
      "os": [
        "win32"
      ],
      "engines": {
        "node": ">=10"
      }
    },
    "node_modules/@swc/counter": {
      "version": "0.1.3",
      "resolved": "https://registry.npmjs.org/@swc/counter/-/counter-0.1.3.tgz",
      "integrity": "sha512-e2BR4lsJkkRlKZ/qCHPw9ZaSxc0MVUd7gtbtaB7aMvHeJVYe8sOB8DBZkP2DtISHGSku9sCK6T6cnY0CtXrOCQ==",
      "dev": true
    },
    "node_modules/@swc/helpers": {
      "version": "0.5.17",
      "resolved": "https://registry.npmjs.org/@swc/helpers/-/helpers-0.5.17.tgz",
      "integrity": "sha512-5IKx/Y13RsYd+sauPb2x+U/xZikHjolzfuDgTAl/Tdf3Q8rslRvC19NKDLgAJQ6wsqADk10ntlv08nPFw/gO/A==",
      "dev": true,
      "dependencies": {
        "tslib": "^2.8.0"
      }
    },
    "node_modules/@swc/types": {
      "version": "0.1.23",
      "resolved": "https://registry.npmjs.org/@swc/types/-/types-0.1.23.tgz",
      "integrity": "sha512-u1iIVZV9Q0jxY+yM2vw/hZGDNudsN85bBpTqzAQ9rzkxW9D+e3aEM4Han+ow518gSewkXgjmEK0BD79ZcNVgPw==",
      "dev": true,
      "dependencies": {
        "@swc/counter": "^0.1.3"
      }
    },
    "node_modules/boolbase": {
      "version": "1.0.0",
      "resolved": "https://registry.npmjs.org/boolbase/-/boolbase-1.0.0.tgz",
      "integrity": "sha512-JZOSA7Mo9sNGB8+UjSgzdLtokWAky1zbztM3WRLCbZ70/3cTANmQmOdR7y2g+J0e2WXywy1yS468tY+IruqEww==",
      "license": "ISC"
    },
    "node_modules/css-select": {
      "version": "5.1.0",
      "resolved": "https://registry.npmjs.org/css-select/-/css-select-5.1.0.tgz",
      "integrity": "sha512-nwoRF1rvRRnnCqqY7updORDsuqKzqYJ28+oSMaJMMgOauh3fvwHqMS7EZpIPqK8GL+g9mKxF1vP/ZjSeNjEVHg==",
      "license": "BSD-2-Clause",
      "dependencies": {
        "boolbase": "^1.0.0",
        "css-what": "^6.1.0",
        "domhandler": "^5.0.2",
        "domutils": "^3.0.1",
        "nth-check": "^2.0.1"
      },
      "funding": {
        "url": "https://github.com/sponsors/fb55"
      }
    },
    "node_modules/css-what": {
      "version": "6.1.0",
      "resolved": "https://registry.npmjs.org/css-what/-/css-what-6.1.0.tgz",
      "integrity": "sha512-HTUrgRJ7r4dsZKU6GjmpfRK1O76h97Z8MfS1G0FozR+oF2kG6Vfe8JE6zwrkbxigziPHinCJ+gCPjA9EaBDtRw==",
      "license": "BSD-2-Clause",
      "engines": {
        "node": ">= 6"
      },
      "funding": {
        "url": "https://github.com/sponsors/fb55"
      }
    },
    "node_modules/dom-serializer": {
      "version": "2.0.0",
      "resolved": "https://registry.npmjs.org/dom-serializer/-/dom-serializer-2.0.0.tgz",
      "integrity": "sha512-wIkAryiqt/nV5EQKqQpo3SToSOV9J0DnbJqwK7Wv/Trc92zIAYZ4FlMu+JPFW1DfGFt81ZTCGgDEabffXeLyJg==",
      "license": "MIT",
      "dependencies": {
        "domelementtype": "^2.3.0",
        "domhandler": "^5.0.2",
        "entities": "^4.2.0"
      },
      "funding": {
        "url": "https://github.com/cheeriojs/dom-serializer?sponsor=1"
      }
    },
    "node_modules/domelementtype": {
      "version": "2.3.0",
      "resolved": "https://registry.npmjs.org/domelementtype/-/domelementtype-2.3.0.tgz",
      "integrity": "sha512-OLETBj6w0OsagBwdXnPdN0cnMfF9opN69co+7ZrbfPGrdpPVNBUj02spi6B1N7wChLQiPn4CSH/zJvXw56gmHw==",
      "funding": [
        {
          "type": "github",
          "url": "https://github.com/sponsors/fb55"
        }
      ],
      "license": "BSD-2-Clause"
    },
    "node_modules/domhandler": {
      "version": "5.0.3",
      "resolved": "https://registry.npmjs.org/domhandler/-/domhandler-5.0.3.tgz",
      "integrity": "sha512-cgwlv/1iFQiFnU96XXgROh8xTeetsnJiDsTc7TYCLFd9+/WNkIqPTxiM/8pSd8VIrhXGTf1Ny1q1hquVqDJB5w==",
      "license": "BSD-2-Clause",
      "dependencies": {
        "domelementtype": "^2.3.0"
      },
      "engines": {
        "node": ">= 4"
      },
      "funding": {
        "url": "https://github.com/fb55/domhandler?sponsor=1"
      }
    },
    "node_modules/domutils": {
      "version": "3.2.2",
      "resolved": "https://registry.npmjs.org/domutils/-/domutils-3.2.2.tgz",
      "integrity": "sha512-6kZKyUajlDuqlHKVX1w7gyslj9MPIXzIFiz/rGu35uC1wMi+kMhQwGhl4lt9unC9Vb9INnY9Z3/ZA3+FhASLaw==",
      "license": "BSD-2-Clause",
      "dependencies": {
        "dom-serializer": "^2.0.0",
        "domelementtype": "^2.3.0",
        "domhandler": "^5.0.3"
      },
      "funding": {
        "url": "https://github.com/fb55/domutils?sponsor=1"
      }
    },
    "node_modules/entities": {
      "version": "4.5.0",
      "resolved": "https://registry.npmjs.org/entities/-/entities-4.5.0.tgz",
      "integrity": "sha512-V0hjH4dGPh9Ao5p0MoRY6BVqtwCjhz6vI5LT8AJ55H+4g9/4vbHx1I54fS0XuclLhDHArPQCiMjDxjaL8fPxhw==",
      "license": "BSD-2-Clause",
      "engines": {
        "node": ">=0.12"
      },
      "funding": {
        "url": "https://github.com/fb55/entities?sponsor=1"
      }
    },
    "node_modules/he": {
      "version": "1.2.0",
      "resolved": "https://registry.npmjs.org/he/-/he-1.2.0.tgz",
      "integrity": "sha512-F/1DnUGPopORZi0ni+CvrCgHQ5FyEAHRLSApuYWMmrbSwoN2Mn/7k+Gl38gJnR7yyDZk6WLXwiGod1JOWNDKGw==",
      "license": "MIT",
      "bin": {
        "he": "bin/he"
      }
    },
    "node_modules/node-html-parser": {
      "version": "6.1.13",
      "resolved": "https://registry.npmjs.org/node-html-parser/-/node-html-parser-6.1.13.tgz",
      "integrity": "sha512-qIsTMOY4C/dAa5Q5vsobRpOOvPfC4pB61UVW2uSwZNUp0QU/jCekTal1vMmbO0DgdHeLUJpv/ARmDqErVxA3Sg==",
      "license": "MIT",
      "dependencies": {
        "css-select": "^5.1.0",
        "he": "1.2.0"
      }
    },
    "node_modules/nth-check": {
      "version": "2.1.1",
      "resolved": "https://registry.npmjs.org/nth-check/-/nth-check-2.1.1.tgz",
      "integrity": "sha512-lqjrjmaOoAnWfMmBPL+XNnynZh2+swxiX3WUE0s4yEHI6m+AwrK2UZOimIRl3X/4QctVqS8AiZjFqyOGrMXb/w==",
      "license": "BSD-2-Clause",
      "dependencies": {
        "boolbase": "^1.0.0"
      },
      "funding": {
        "url": "https://github.com/fb55/nth-check?sponsor=1"
      }
    },
    "node_modules/tslib": {
      "version": "2.8.1",
      "resolved": "https://registry.npmjs.org/tslib/-/tslib-2.8.1.tgz",
      "integrity": "sha512-oJFu94HQb+KVduSUQL7wnpmqnfmLsOA/nAh6b6EH0wCEoK0/mPeXU6c3wKDV83MkOuHPRHtSXKKU99IBazS/2w==",
      "dev": true
    }
  }
}
